
Microsoft Visual Studio Solution File, Format Version 12.00
# Visual Studio 15
VisualStudioVersion = 15.0.27703.2018
MinimumVisualStudioVersion = 10.0.40219.1
Project("{8BC9CEB8-8B4A-11D0-8D11-00A0C91BC942}") = "svgtopdf", "svgtopdf\svgtopdf.vcxproj", "{DB8C912F-AF12-4E41-B424-C265ECB8C27C}"
EndProject
Global
	GlobalSection(SolutionConfigurationPlatforms) = preSolution
		Debug|x64 = Debug|x64
		Debug|x86 = Debug|x86
		Release|x64 = Release|x64
		Release|x86 = Release|x86
	EndGlobalSection
	GlobalSection(ProjectConfigurationPlatforms) = postSolution
		{DB8C912F-AF12-4E41-B424-C265ECB8C27C}.Debug|x64.ActiveCfg = Debug|x64
		{DB8C912F-AF12-4E41-B424-C265ECB8C27C}.Debug|x64.Build.0 = Debug|x64
		{DB8C912F-AF12-4E41-B424-C265ECB8C27C}.Debug|x86.ActiveCfg = Debug|Win32
		{DB8C912F-AF12-4E41-B424-C265ECB8C27C}.Debug|x86.Build.0 = Debug|Win32
		{DB8C912F-AF12-4E41-B424-C265ECB8C27C}.Release|x64.ActiveCfg = Release|x64
		{DB8C912F-AF12-4E41-B424-C265ECB8C27C}.Release|x64.Build.0 = Release|x64
		{DB8C912F-AF12-4E41-B424-C265ECB8C27C}.Release|x86.ActiveCfg = Release|Win32
		{DB8C912F-AF12-4E41-B424-C265ECB8C27C}.Release|x86.Build.0 = Release|Win32
	EndGlobalSection
	GlobalSection(SolutionProperties) = preSolution
		HideSolutionNode = FALSE
	EndGlobalSection
	GlobalSection(ExtensibilityGlobals) = postSolution
		SolutionGuid = {C4921EEB-8F4A-4404-9138-3E9AEE02C49B}
	EndGlobalSection
EndGlobal
