<?xml version="1.0" encoding="utf-8"?>
<Project ToolsVersion="4.0" xmlns="http://schemas.microsoft.com/developer/msbuild/2003">
  <ItemGroup>
    <Filter Include="Source files">
      <UniqueIdentifier>{4FC737F1-C7A5-4376-A066-2A32D752A2FF}</UniqueIdentifier>
      <Extensions>cpp;c;cc;cxx;def;odl;idl;hpj;bat;asm;asmx</Extensions>
    </Filter>
    <Filter Include="Source files\libharu">
      <UniqueIdentifier>{2910dc9d-80a2-4195-b832-5dfd7ad09cb1}</UniqueIdentifier>
    </Filter>
    <Filter Include="Header Files">
      <UniqueIdentifier>{93995380-89BD-4b04-88EB-625FBE52EBFB}</UniqueIdentifier>
      <Extensions>h;hh;hpp;hxx;hm;inl;inc;ipp;xsd</Extensions>
    </Filter>
    <Filter Include="Resource Files">
      <UniqueIdentifier>{67DA6AB6-F800-4c08-8B7A-83BB121AAD01}</UniqueIdentifier>
      <Extensions>rc;ico;cur;bmp;dlg;rc2;rct;bin;rgs;gif;jpg;jpeg;jpe;resx;tiff;tif;png;wav;mfcribbon-ms</Extensions>
    </Filter>
  </ItemGroup>
  <ItemGroup>
    <ClCompile Include="nanosvg.cpp">
      <Filter>Source files</Filter>
    </ClCompile>
    <ClCompile Include="stdafx.cpp">
      <Filter>Source files</Filter>
    </ClCompile>
    <ClCompile Include="libharu\hpdf_3dmeasure.c">
      <Filter>Source files\libharu</Filter>
    </ClCompile>
    <ClCompile Include="libharu\hpdf_annotation.c">
      <Filter>Source files\libharu</Filter>
    </ClCompile>
    <ClCompile Include="libharu\hpdf_array.c">
      <Filter>Source files\libharu</Filter>
    </ClCompile>
    <ClCompile Include="libharu\hpdf_binary.c">
      <Filter>Source files\libharu</Filter>
    </ClCompile>
    <ClCompile Include="libharu\hpdf_boolean.c">
      <Filter>Source files\libharu</Filter>
    </ClCompile>
    <ClCompile Include="libharu\hpdf_catalog.c">
      <Filter>Source files\libharu</Filter>
    </ClCompile>
    <ClCompile Include="libharu\hpdf_destination.c">
      <Filter>Source files\libharu</Filter>
    </ClCompile>
    <ClCompile Include="libharu\hpdf_dict.c">
      <Filter>Source files\libharu</Filter>
    </ClCompile>
    <ClCompile Include="libharu\hpdf_doc.c">
      <Filter>Source files\libharu</Filter>
    </ClCompile>
    <ClCompile Include="libharu\hpdf_doc_png.c">
      <Filter>Source files\libharu</Filter>
    </ClCompile>
    <ClCompile Include="libharu\hpdf_encoder.c">
      <Filter>Source files\libharu</Filter>
    </ClCompile>
    <ClCompile Include="libharu\hpdf_encoder_cns.c">
      <Filter>Source files\libharu</Filter>
    </ClCompile>
    <ClCompile Include="libharu\hpdf_encoder_cnt.c">
      <Filter>Source files\libharu</Filter>
    </ClCompile>
    <ClCompile Include="libharu\hpdf_encoder_jp.c">
      <Filter>Source files\libharu</Filter>
    </ClCompile>
    <ClCompile Include="libharu\hpdf_encoder_kr.c">
      <Filter>Source files\libharu</Filter>
    </ClCompile>
    <ClCompile Include="libharu\hpdf_encoder_utf.c">
      <Filter>Source files\libharu</Filter>
    </ClCompile>
    <ClCompile Include="libharu\hpdf_encrypt.c">
      <Filter>Source files\libharu</Filter>
    </ClCompile>
    <ClCompile Include="libharu\hpdf_encryptdict.c">
      <Filter>Source files\libharu</Filter>
    </ClCompile>
    <ClCompile Include="libharu\hpdf_error.c">
      <Filter>Source files\libharu</Filter>
    </ClCompile>
    <ClCompile Include="libharu\hpdf_exdata.c">
      <Filter>Source files\libharu</Filter>
    </ClCompile>
    <ClCompile Include="libharu\hpdf_ext_gstate.c">
      <Filter>Source files\libharu</Filter>
    </ClCompile>
    <ClCompile Include="libharu\hpdf_font.c">
      <Filter>Source files\libharu</Filter>
    </ClCompile>
    <ClCompile Include="libharu\hpdf_font_cid.c">
      <Filter>Source files\libharu</Filter>
    </ClCompile>
    <ClCompile Include="libharu\hpdf_font_tt.c">
      <Filter>Source files\libharu</Filter>
    </ClCompile>
    <ClCompile Include="libharu\hpdf_font_type1.c">
      <Filter>Source files\libharu</Filter>
    </ClCompile>
    <ClCompile Include="libharu\hpdf_fontdef.c">
      <Filter>Source files\libharu</Filter>
    </ClCompile>
    <ClCompile Include="libharu\hpdf_fontdef_base14.c">
      <Filter>Source files\libharu</Filter>
    </ClCompile>
    <ClCompile Include="libharu\hpdf_fontdef_cid.c">
      <Filter>Source files\libharu</Filter>
    </ClCompile>
    <ClCompile Include="libharu\hpdf_fontdef_cns.c">
      <Filter>Source files\libharu</Filter>
    </ClCompile>
    <ClCompile Include="libharu\hpdf_fontdef_cnt.c">
      <Filter>Source files\libharu</Filter>
    </ClCompile>
    <ClCompile Include="libharu\hpdf_fontdef_jp.c">
      <Filter>Source files\libharu</Filter>
    </ClCompile>
    <ClCompile Include="libharu\hpdf_fontdef_kr.c">
      <Filter>Source files\libharu</Filter>
    </ClCompile>
    <ClCompile Include="libharu\hpdf_fontdef_tt.c">
      <Filter>Source files\libharu</Filter>
    </ClCompile>
    <ClCompile Include="libharu\hpdf_fontdef_type1.c">
      <Filter>Source files\libharu</Filter>
    </ClCompile>
    <ClCompile Include="libharu\hpdf_gstate.c">
      <Filter>Source files\libharu</Filter>
    </ClCompile>
    <ClCompile Include="libharu\hpdf_image.c">
      <Filter>Source files\libharu</Filter>
    </ClCompile>
    <ClCompile Include="libharu\hpdf_image_ccitt.c">
      <Filter>Source files\libharu</Filter>
    </ClCompile>
    <ClCompile Include="libharu\hpdf_image_png.c">
      <Filter>Source files\libharu</Filter>
    </ClCompile>
    <ClCompile Include="libharu\hpdf_info.c">
      <Filter>Source files\libharu</Filter>
    </ClCompile>
    <ClCompile Include="libharu\hpdf_list.c">
      <Filter>Source files\libharu</Filter>
    </ClCompile>
    <ClCompile Include="libharu\hpdf_mmgr.c">
      <Filter>Source files\libharu</Filter>
    </ClCompile>
    <ClCompile Include="libharu\hpdf_name.c">
      <Filter>Source files\libharu</Filter>
    </ClCompile>
    <ClCompile Include="libharu\hpdf_namedict.c">
      <Filter>Source files\libharu</Filter>
    </ClCompile>
    <ClCompile Include="libharu\hpdf_null.c">
      <Filter>Source files\libharu</Filter>
    </ClCompile>
    <ClCompile Include="libharu\hpdf_number.c">
      <Filter>Source files\libharu</Filter>
    </ClCompile>
    <ClCompile Include="libharu\hpdf_objects.c">
      <Filter>Source files\libharu</Filter>
    </ClCompile>
    <ClCompile Include="libharu\hpdf_outline.c">
      <Filter>Source files\libharu</Filter>
    </ClCompile>
    <ClCompile Include="libharu\hpdf_page_label.c">
      <Filter>Source files\libharu</Filter>
    </ClCompile>
    <ClCompile Include="libharu\hpdf_page_operator.c">
      <Filter>Source files\libharu</Filter>
    </ClCompile>
    <ClCompile Include="libharu\hpdf_pages.c">
      <Filter>Source files\libharu</Filter>
    </ClCompile>
    <ClCompile Include="libharu\hpdf_pdfa.c">
      <Filter>Source files\libharu</Filter>
    </ClCompile>
    <ClCompile Include="libharu\hpdf_real.c">
      <Filter>Source files\libharu</Filter>
    </ClCompile>
    <ClCompile Include="libharu\hpdf_streams.c">
      <Filter>Source files\libharu</Filter>
    </ClCompile>
    <ClCompile Include="libharu\hpdf_string.c">
      <Filter>Source files\libharu</Filter>
    </ClCompile>
    <ClCompile Include="libharu\hpdf_u3d.c">
      <Filter>Source files\libharu</Filter>
    </ClCompile>
    <ClCompile Include="libharu\hpdf_utils.c">
      <Filter>Source files\libharu</Filter>
    </ClCompile>
    <ClCompile Include="libharu\hpdf_xref.c">
      <Filter>Source files\libharu</Filter>
    </ClCompile>
    <ClCompile Include="main.cpp">
      <Filter>Source files</Filter>
    </ClCompile>
    <ClCompile Include="SvgConverter.cpp">
      <Filter>Source files</Filter>
    </ClCompile>
  </ItemGroup>
  <ItemGroup>
    <ClInclude Include="nanosvg.h">
      <Filter>Header Files</Filter>
    </ClInclude>
    <ClInclude Include="stdafx.h">
      <Filter>Header Files</Filter>
    </ClInclude>
    <ClInclude Include="targetver.h">
      <Filter>Header Files</Filter>
    </ClInclude>
    <ClInclude Include="libharu\hpdf.h">
      <Filter>Source files\libharu</Filter>
    </ClInclude>
    <ClInclude Include="libharu\hpdf_3dmeasure.h">
      <Filter>Source files\libharu</Filter>
    </ClInclude>
    <ClInclude Include="libharu\hpdf_annotation.h">
      <Filter>Source files\libharu</Filter>
    </ClInclude>
    <ClInclude Include="libharu\hpdf_catalog.h">
      <Filter>Source files\libharu</Filter>
    </ClInclude>
    <ClInclude Include="libharu\hpdf_conf.h">
      <Filter>Source files\libharu</Filter>
    </ClInclude>
    <ClInclude Include="libharu\hpdf_config.h">
      <Filter>Source files\libharu</Filter>
    </ClInclude>
    <ClInclude Include="libharu\hpdf_consts.h">
      <Filter>Source files\libharu</Filter>
    </ClInclude>
    <ClInclude Include="libharu\hpdf_destination.h">
      <Filter>Source files\libharu</Filter>
    </ClInclude>
    <ClInclude Include="libharu\hpdf_doc.h">
      <Filter>Source files\libharu</Filter>
    </ClInclude>
    <ClInclude Include="libharu\hpdf_encoder.h">
      <Filter>Source files\libharu</Filter>
    </ClInclude>
    <ClInclude Include="libharu\hpdf_encrypt.h">
      <Filter>Source files\libharu</Filter>
    </ClInclude>
    <ClInclude Include="libharu\hpdf_encryptdict.h">
      <Filter>Source files\libharu</Filter>
    </ClInclude>
    <ClInclude Include="libharu\hpdf_error.h">
      <Filter>Source files\libharu</Filter>
    </ClInclude>
    <ClInclude Include="libharu\hpdf_exdata.h">
      <Filter>Source files\libharu</Filter>
    </ClInclude>
    <ClInclude Include="libharu\hpdf_ext_gstate.h">
      <Filter>Source files\libharu</Filter>
    </ClInclude>
    <ClInclude Include="libharu\hpdf_font.h">
      <Filter>Source files\libharu</Filter>
    </ClInclude>
    <ClInclude Include="libharu\hpdf_fontdef.h">
      <Filter>Source files\libharu</Filter>
    </ClInclude>
    <ClInclude Include="libharu\hpdf_gstate.h">
      <Filter>Source files\libharu</Filter>
    </ClInclude>
    <ClInclude Include="libharu\hpdf_image.h">
      <Filter>Source files\libharu</Filter>
    </ClInclude>
    <ClInclude Include="libharu\hpdf_info.h">
      <Filter>Source files\libharu</Filter>
    </ClInclude>
    <ClInclude Include="libharu\hpdf_list.h">
      <Filter>Source files\libharu</Filter>
    </ClInclude>
    <ClInclude Include="libharu\hpdf_mmgr.h">
      <Filter>Source files\libharu</Filter>
    </ClInclude>
    <ClInclude Include="libharu\hpdf_namedict.h">
      <Filter>Source files\libharu</Filter>
    </ClInclude>
    <ClInclude Include="libharu\hpdf_objects.h">
      <Filter>Source files\libharu</Filter>
    </ClInclude>
    <ClInclude Include="libharu\hpdf_outline.h">
      <Filter>Source files\libharu</Filter>
    </ClInclude>
    <ClInclude Include="libharu\hpdf_page_label.h">
      <Filter>Source files\libharu</Filter>
    </ClInclude>
    <ClInclude Include="libharu\hpdf_pages.h">
      <Filter>Source files\libharu</Filter>
    </ClInclude>
    <ClInclude Include="libharu\hpdf_pdfa.h">
      <Filter>Source files\libharu</Filter>
    </ClInclude>
    <ClInclude Include="libharu\hpdf_streams.h">
      <Filter>Source files\libharu</Filter>
    </ClInclude>
    <ClInclude Include="libharu\hpdf_types.h">
      <Filter>Source files\libharu</Filter>
    </ClInclude>
    <ClInclude Include="libharu\hpdf_u3d.h">
      <Filter>Source files\libharu</Filter>
    </ClInclude>
    <ClInclude Include="libharu\hpdf_utils.h">
      <Filter>Source files\libharu</Filter>
    </ClInclude>
    <ClInclude Include="libharu\hpdf_version.h">
      <Filter>Source files\libharu</Filter>
    </ClInclude>
    <ClInclude Include="libharu\t4.h">
      <Filter>Source files\libharu</Filter>
    </ClInclude>
    <ClInclude Include="SvgConverter.h">
      <Filter>Header Files</Filter>
    </ClInclude>
  </ItemGroup>
</Project>